<?xml version="1.0" encoding="utf-8"?>
<Project ToolsVersion="4.0" xmlns="http://schemas.microsoft.com/developer/msbuild/2003">
  <ItemGroup>
    <Filter Include="Source Files">
      <UniqueIdentifier>{4FC737F1-C7A5-4376-A066-2A32D752A2FF}</UniqueIdentifier>
      <Extensions>cpp;c;cc;cxx;def;odl;idl;hpj;bat;asm;asmx</Extensions>
    </Filter>
    <Filter Include="Source Files\App">
      <UniqueIdentifier>{E2BEB2C2-EA93-4C0C-BE85-5E1939B16F13}</UniqueIdentifier>
    </Filter>
    <Filter Include="Source Files\Scene">
      <UniqueIdentifier>{A85ED35E-D7CC-4AD7-AB10-427DF3B26661}</UniqueIdentifier>
    </Filter>
    <Filter Include="Source Files\Core">
      <UniqueIdentifier>{D71C5941-62EF-4D52-9AE2-7FB5A3DB6B9D}</UniqueIdentifier>
    </Filter>
    <Filter Include="Source Files\Third Party">
      <UniqueIdentifier>{D550B6EB-EA35-49A6-938B-E7AF54D5E5C0}</UniqueIdentifier>
    </Filter>
    <Filter Include="Source Files\Third Party\ImGui">
      <UniqueIdentifier>{A2F99CC3-19B5-4D35-8E85-241D14971A85}</UniqueIdentifier>
    </Filter>
    <Filter Include="Source Files\Third Party\fastgltf">
      <UniqueIdentifier>{1B4D51A3-E6D4-4FD5-BB67-9BDA7210B6E2}</UniqueIdentifier>
    </Filter>
    <Filter Include="Header Files">
      <UniqueIdentifier>{93995380-89BD-4B04-88EB-625FBE52EBFB}</UniqueIdentifier>
      <Extensions>h;hh;hpp;hxx;hm;inl;inc;xsd</Extensions>
    </Filter>
    <Filter Include="Header Files\Scene">
      <UniqueIdentifier>{6B6EA276-2C2F-498A-8FA9-8B68B5450B6D}</UniqueIdentifier>
    </Filter>
    <Filter Include="Header Files\Core">
      <UniqueIdentifier>{C9A4D479-67EA-4BD4-B058-FB7A58493537}</UniqueIdentifier>
    </Filter>
    <Filter Include="Build Files">
      <UniqueIdentifier>{B954A14D-2175-4B66-A8DE-23CB8973BB4D}</UniqueIdentifier>
      <Extensions>txt;cmake;props;targets</Extensions>
    </Filter>
    <Filter Include="Shaders">
      <UniqueIdentifier>{B56F073A-15E6-4987-B690-17876732F574}</UniqueIdentifier>
      <Extensions>vert;frag;comp;glsl;spv;rgen;rmiss;rchit</Extensions>
    </Filter>
  </ItemGroup>
  <ItemGroup>
    <ClCompile Include="src\app\main.cpp">
      <Filter>Source Files\App</Filter>
    </ClCompile>
    <ClCompile Include="src\core\job_system.cpp">
      <Filter>Source Files\Core</Filter>
    </ClCompile>
    <ClCompile Include="src\scene\camera.cpp">
      <Filter>Source Files\Scene</Filter>
    </ClCompile>
    <ClCompile Include="third_party\vkbootstrap\VkBootstrap.cpp">
      <Filter>Source Files\Third Party</Filter>
    </ClCompile>
    <ClCompile Include="src\render\renderer.cpp">
      <Filter>Source Files</Filter>
    </ClCompile>
    <ClCompile Include="src\render\graph\render_graph.cpp">
      <Filter>Source Files</Filter>
    </ClCompile>
    <ClCompile Include="src\render\passes\composite_pass.cpp">
      <Filter>Source Files</Filter>
    </ClCompile>
    <ClCompile Include="src\render\passes\deferred_lighting_pass.cpp">
      <Filter>Source Files</Filter>
    </ClCompile>
    <ClCompile Include="src\render\passes\geometry_raster_pass.cpp">
      <Filter>Source Files</Filter>
    </ClCompile>
    <ClCompile Include="src\render\passes\gaussian_splat_pass.cpp">
      <Filter>Source Files</Filter>
    </ClCompile>
    <ClCompile Include="src\render\passes\official_gaussian_raster_pass.cpp">
      <Filter>Source Files</Filter>
    </ClCompile>
    <ClCompile Include="src\render\passes\overdraw_pass.cpp">
      <Filter>Source Files</Filter>
    </ClCompile>
    <ClCompile Include="src\render\passes\path_denoise_pass.cpp">
      <Filter>Source Files</Filter>
    </ClCompile>
    <ClCompile Include="src\render\passes\temporal_aa_pass.cpp">
      <Filter>Source Files</Filter>
    </ClCompile>
    <ClCompile Include="src\render\passes\path_tracer_pass.cpp">
      <Filter>Source Files</Filter>
    </ClCompile>
    <ClCompile Include="src\render\passes\ray_effects_pass.cpp">
      <Filter>Source Files</Filter>
    </ClCompile>
    <ClCompile Include="src\render\passes\restir_di_pass.cpp">
      <Filter>Source Files</Filter>
    </ClCompile>
    <ClCompile Include="src\render\passes\restir_di_resolve_pass.cpp">
      <Filter>Source Files</Filter>
    </ClCompile>
    <ClCompile Include="src\render\passes\ddgi_probe_update_pass.cpp">
      <Filter>Source Files</Filter>
    </ClCompile>
    <ClCompile Include="src\render\passes\shadow_map_pass.cpp">
      <Filter>Source Files</Filter>
    </ClCompile>
    <ClCompile Include="src\render\rhi\render_device.cpp">
      <Filter>Source Files</Filter>
    </ClCompile>
    <ClCompile Include="src\render\rhi\vma_impl.cpp">
      <Filter>Source Files</Filter>
    </ClCompile>
    <ClCompile Include="src\scene\scene.cpp">
      <Filter>Source Files\Scene</Filter>
    </ClCompile>
    <ClCompile Include="third_party\imgui\imgui.cpp">
      <Filter>Source Files\Third Party\ImGui</Filter>
    </ClCompile>
    <ClCompile Include="third_party\imgui\imgui_draw.cpp">
      <Filter>Source Files\Third Party\ImGui</Filter>
    </ClCompile>
    <ClCompile Include="third_party\imgui\imgui_widgets.cpp">
      <Filter>Source Files\Third Party\ImGui</Filter>
    </ClCompile>
    <ClCompile Include="third_party\imgui\imgui_tables.cpp">
      <Filter>Source Files\Third Party\ImGui</Filter>
    </ClCompile>
    <ClCompile Include="third_party\imgui\imgui_impl_sdl2.cpp">
      <Filter>Source Files\Third Party\ImGui</Filter>
    </ClCompile>
    <ClCompile Include="third_party\imgui\imgui_impl_vulkan.cpp">
      <Filter>Source Files\Third Party\ImGui</Filter>
    </ClCompile>
    <ClCompile Include="third_party\fastgltf\src\base64.cpp">
      <Filter>Source Files\Third Party\fastgltf</Filter>
    </ClCompile>
    <ClCompile Include="third_party\fastgltf\src\fastgltf.cpp">
      <Filter>Source Files\Third Party\fastgltf</Filter>
    </ClCompile>
    <ClCompile Include="third_party\fastgltf\deps\simdjson\simdjson.cpp">
      <Filter>Source Files\Third Party\fastgltf</Filter>
    </ClCompile>
    <ClCompile Include="src\render\vulkan\vk_context.cpp">
      <Filter>Source Files</Filter>
    </ClCompile>
    <ClCompile Include="src\render\vulkan\vk_descriptors.cpp">
      <Filter>Source Files</Filter>
    </ClCompile>
    <ClCompile Include="src\render\vulkan\vk_engine.cpp">
      <Filter>Source Files</Filter>
    </ClCompile>
    <ClCompile Include="src\render\vulkan\vk_images.cpp">
      <Filter>Source Files</Filter>
    </ClCompile>
    <ClCompile Include="src\render\vulkan\vk_initializers.cpp">
      <Filter>Source Files</Filter>
    </ClCompile>
    <ClCompile Include="src\render\vulkan\vk_loader.cpp">
      <Filter>Source Files</Filter>
    </ClCompile>
    <ClCompile Include="src\render\vulkan\vk_pipelines.cpp">
      <Filter>Source Files</Filter>
    </ClCompile>
  </ItemGroup>
  <ItemGroup>
    <ClInclude Include="include\vesta\core\job_system.h">
      <Filter>Header Files\Core</Filter>
    </ClInclude>
    <ClInclude Include="include\vesta\render\renderer.h">
      <Filter>Header Files</Filter>
    </ClInclude>
    <ClInclude Include="include\vesta\render\graph\render_graph.h">
      <Filter>Header Files</Filter>
    </ClInclude>
    <ClInclude Include="include\vesta\render\passes\composite_pass.h">
      <Filter>Header Files</Filter>
    </ClInclude>
    <ClInclude Include="include\vesta\render\passes\deferred_lighting_pass.h">
      <Filter>Header Files</Filter>
    </ClInclude>
    <ClInclude Include="include\vesta\render\passes\geometry_raster_pass.h">
      <Filter>Header Files</Filter>
    </ClInclude>
    <ClInclude Include="include\vesta\render\passes\gaussian_splat_pass.h">
      <Filter>Header Files</Filter>
    </ClInclude>
    <ClInclude Include="include\vesta\render\passes\official_gaussian_raster_pass.h">
      <Filter>Header Files</Filter>
    </ClInclude>
    <ClInclude Include="include\vesta\render\passes\overdraw_pass.h">
      <Filter>Header Files</Filter>
    </ClInclude>
    <ClInclude Include="include\vesta\render\passes\irender_pass.h">
      <Filter>Header Files</Filter>
    </ClInclude>
    <ClInclude Include="include\vesta\render\passes\path_tracer_pass.h">
      <Filter>Header Files</Filter>
    </ClInclude>
    <ClInclude Include="include\vesta\render\passes\path_denoise_pass.h">
      <Filter>Header Files</Filter>
    </ClInclude>
    <ClInclude Include="include\vesta\render\passes\ray_effects_pass.h">
      <Filter>Header Files</Filter>
    </ClInclude>
    <ClInclude Include="include\vesta\render\passes\restir_di_pass.h">
      <Filter>Header Files</Filter>
    </ClInclude>
    <ClInclude Include="include\vesta\render\passes\restir_di_resolve_pass.h">
      <Filter>Header Files</Filter>
    </ClInclude>
    <ClInclude Include="include\vesta\render\passes\ddgi_probe_update_pass.h">
      <Filter>Header Files</Filter>
    </ClInclude>
    <ClInclude Include="include\vesta\render\passes\shadow_map_pass.h">
      <Filter>Header Files</Filter>
    </ClInclude>
    <ClInclude Include="include\vesta\render\passes\temporal_aa_pass.h">
      <Filter>Header Files</Filter>
    </ClInclude>
    <ClInclude Include="include\vesta\render\path_trace_backend.h">
      <Filter>Header Files</Filter>
    </ClInclude>
    <ClInclude Include="include\vesta\render\resources\resource_handles.h">
      <Filter>Header Files</Filter>
    </ClInclude>
    <ClInclude Include="include\vesta\render\rhi\render_device.h">
      <Filter>Header Files</Filter>
    </ClInclude>
    <ClInclude Include="include\vesta\render\vulkan\vk_context.h">
      <Filter>Header Files</Filter>
    </ClInclude>
    <ClInclude Include="include\vesta\render\vulkan\vk_descriptors.h">
      <Filter>Header Files</Filter>
    </ClInclude>
    <ClInclude Include="include\vesta\render\vulkan\vk_engine.h">
      <Filter>Header Files</Filter>
    </ClInclude>
    <ClInclude Include="include\vesta\render\vulkan\vk_images.h">
      <Filter>Header Files</Filter>
    </ClInclude>
    <ClInclude Include="include\vesta\render\vulkan\vk_initializers.h">
      <Filter>Header Files</Filter>
    </ClInclude>
    <ClInclude Include="include\vesta\render\vulkan\vk_loader.h">
      <Filter>Header Files</Filter>
    </ClInclude>
    <ClInclude Include="include\vesta\render\vulkan\vk_pipelines.h">
      <Filter>Header Files</Filter>
    </ClInclude>
    <ClInclude Include="include\vesta\render\vulkan\vk_types.h">
      <Filter>Header Files</Filter>
    </ClInclude>
    <ClInclude Include="include\vesta\scene\camera.h">
      <Filter>Header Files\Scene</Filter>
    </ClInclude>
    <ClInclude Include="include\vesta\scene\scene.h">
      <Filter>Header Files\Scene</Filter>
    </ClInclude>
  </ItemGroup>
  <ItemGroup>
    <None Include="CMakeLists.txt">
      <Filter>Build Files</Filter>
    </None>
    <None Include="src\CMakeLists.txt">
      <Filter>Build Files</Filter>
    </None>
  </ItemGroup>
  <ItemGroup>
    <CustomBuild Include="shaders\gradient.comp">
      <Filter>Shaders</Filter>
    </CustomBuild>
    <CustomBuild Include="shaders\gradient_color.comp">
      <Filter>Shaders</Filter>
    </CustomBuild>
    <CustomBuild Include="shaders\hardcoded_triangle.frag">
      <Filter>Shaders</Filter>
    </CustomBuild>
    <CustomBuild Include="shaders\hardcoded_triangle.vert">
      <Filter>Shaders</Filter>
    </CustomBuild>
    <CustomBuild Include="shaders\sky.comp">
      <Filter>Shaders</Filter>
    </CustomBuild>
    <CustomBuild Include="shaders\composite.frag">
      <Filter>Shaders</Filter>
    </CustomBuild>
    <CustomBuild Include="shaders\composite.vert">
      <Filter>Shaders</Filter>
    </CustomBuild>
    <CustomBuild Include="shaders\deferred_lighting.comp">
      <Filter>Shaders</Filter>
    </CustomBuild>
    <CustomBuild Include="shaders\ray_effects.comp">
      <Filter>Shaders</Filter>
    </CustomBuild>
    <CustomBuild Include="shaders\restir_di.comp">
      <Filter>Shaders</Filter>
    </CustomBuild>
    <CustomBuild Include="shaders\restir_di_resolve.comp">
      <Filter>Shaders</Filter>
    </CustomBuild>
    <CustomBuild Include="shaders\ddgi_probe_update.comp">
      <Filter>Shaders</Filter>
    </CustomBuild>
    <CustomBuild Include="shaders\gaussian.frag">
      <Filter>Shaders</Filter>
    </CustomBuild>
    <CustomBuild Include="shaders\gaussian.vert">
      <Filter>Shaders</Filter>
    </CustomBuild>
    <CustomBuild Include="shaders\gaussian_bin.comp">
      <Filter>Shaders</Filter>
    </CustomBuild>
    <CustomBuild Include="shaders\gaussian_tile.comp">
      <Filter>Shaders</Filter>
    </CustomBuild>
    <CustomBuild Include="shaders\official_gaussian_raster.comp">
      <Filter>Shaders</Filter>
    </CustomBuild>
    <CustomBuild Include="shaders\official_gaussian_duplicate.comp">
      <Filter>Shaders</Filter>
    </CustomBuild>
    <CustomBuild Include="shaders\official_gaussian_preprocess.comp">
      <Filter>Shaders</Filter>
    </CustomBuild>
    <CustomBuild Include="shaders\official_gaussian_scan.comp">
      <Filter>Shaders</Filter>
    </CustomBuild>
    <CustomBuild Include="shaders\official_gaussian_sort.comp">
      <Filter>Shaders</Filter>
    </CustomBuild>
    <CustomBuild Include="shaders\official_gaussian_ranges.comp">
      <Filter>Shaders</Filter>
    </CustomBuild>
    <CustomBuild Include="shaders\geometry.frag">
      <Filter>Shaders</Filter>
    </CustomBuild>
    <CustomBuild Include="shaders\geometry.vert">
      <Filter>Shaders</Filter>
    </CustomBuild>
    <CustomBuild Include="shaders\shadow_depth.frag">
      <Filter>Shaders</Filter>
    </CustomBuild>
    <CustomBuild Include="shaders\shadow_depth.vert">
      <Filter>Shaders</Filter>
    </CustomBuild>
    <CustomBuild Include="shaders\overdraw.frag">
      <Filter>Shaders</Filter>
    </CustomBuild>
    <CustomBuild Include="shaders\overdraw.vert">
      <Filter>Shaders</Filter>
    </CustomBuild>
    <CustomBuild Include="shaders\pathtrace.comp">
      <Filter>Shaders</Filter>
    </CustomBuild>
    <CustomBuild Include="shaders\path_denoise.comp">
      <Filter>Shaders</Filter>
    </CustomBuild>
    <CustomBuild Include="shaders\temporal_aa.comp">
      <Filter>Shaders</Filter>
    </CustomBuild>
    <CustomBuild Include="shaders\pathtrace.rgen">
      <Filter>Shaders</Filter>
    </CustomBuild>
    <CustomBuild Include="shaders\pathtrace.rmiss">
      <Filter>Shaders</Filter>
    </CustomBuild>
    <CustomBuild Include="shaders\pathtrace.rchit">
      <Filter>Shaders</Filter>
    </CustomBuild>
  </ItemGroup>
</Project>
